{
  "version": 4,
  "terraform_version": "1.1.4",
  "serial": 14,
  "lineage": "13e10868-9ff9-b3c8-a759-ff0f471a40ee",
  "outputs": {
    "webapp_ips": {
      "value": "52.188.45.143,52.142.21.23,52.149.203.151,52.149.203.162,52.149.203.170,52.149.204.114,20.49.104.54",
      "type": "string"
    },
    "webapp_url": {
      "value": "demoxwebapp001.azurewebsites.net",
      "type": "string"
    }
  },
  "resources": [
    {
      "mode": "managed",
      "type": "azurerm_app_service",
      "name": "example",
      "provider": "provider[\"registry.terraform.io/hashicorp/azurerm\"]",
      "instances": [
        {
          "schema_version": 0,
          "attributes": {
            "app_service_plan_id": "/subscriptions/c8552772-d0de-480e-9b09-555b5895f8c1/resourceGroups/WebApp-RG/providers/Microsoft.Web/serverfarms/demowebappplan001",
            "app_settings": {
              "SOME_KEY": "some-value"
            },
            "auth_settings": [
              {
                "active_directory": [],
                "additional_login_params": {},
                "allowed_external_redirect_urls": [],
                "default_provider": "",
                "enabled": false,
                "facebook": [],
                "google": [],
                "issuer": "",
                "microsoft": [],
                "runtime_version": "",
                "token_refresh_extension_hours": 0,
                "token_store_enabled": false,
                "twitter": [],
                "unauthenticated_client_action": ""
              }
            ],
            "backup": [],
            "client_affinity_enabled": false,
            "client_cert_enabled": false,
            "client_cert_mode": "Required",
            "connection_string": [
              {
                "name": "Database",
                "type": "SQLServer",
                "value": "Server=some-server.mydomain.com;Integrated Security=SSPI"
              }
            ],
            "custom_domain_verification_id": "7DA5BEAF138616B1C64F413031C64FA3CF6361803C1073523384FFDE7C23A717",
            "default_site_hostname": "demoxwebapp001.azurewebsites.net",
            "enabled": true,
            "https_only": false,
            "id": "/subscriptions/c8552772-d0de-480e-9b09-555b5895f8c1/resourceGroups/WebApp-RG/providers/Microsoft.Web/sites/demoxwebapp001",
            "identity": [],
            "key_vault_reference_identity_id": "SystemAssigned",
            "location": "eastus",
            "logs": [
              {
                "application_logs": [
                  {
                    "azure_blob_storage": [],
                    "file_system_level": "Off"
                  }
                ],
                "detailed_error_messages_enabled": false,
                "failed_request_tracing_enabled": false,
                "http_logs": [
                  {
                    "azure_blob_storage": [],
                    "file_system": []
                  }
                ]
              }
            ],
            "name": "demoxwebapp001",
            "outbound_ip_address_list": [
              "52.188.45.143",
              "52.142.21.23",
              "52.149.203.151",
              "52.149.203.162",
              "52.149.203.170",
              "52.149.204.114",
              "20.49.104.54"
            ],
            "outbound_ip_addresses": "52.188.45.143,52.142.21.23,52.149.203.151,52.149.203.162,52.149.203.170,52.149.204.114,20.49.104.54",
            "possible_outbound_ip_address_list": [
              "52.188.45.143",
              "52.142.21.23",
              "52.149.203.151",
              "52.149.203.162",
              "52.149.203.170",
              "52.149.204.114",
              "52.149.204.125",
              "52.188.47.163",
              "52.149.204.241",
              "20.185.12.52",
              "52.147.213.53",
              "52.149.205.138",
              "52.149.206.143",
              "52.147.212.206",
              "52.149.207.119",
              "52.150.51.84",
              "52.150.52.144",
              "52.150.52.195",
              "52.150.52.212",
              "52.150.53.80",
              "52.150.53.189",
              "52.150.53.244",
              "52.150.54.60",
              "52.149.200.127",
              "52.154.65.85",
              "52.154.65.229",
              "20.42.35.174",
              "52.142.19.237",
              "52.147.215.226",
              "52.154.66.148",
              "20.49.104.54"
            ],
            "possible_outbound_ip_addresses": "52.188.45.143,52.142.21.23,52.149.203.151,52.149.203.162,52.149.203.170,52.149.204.114,52.149.204.125,52.188.47.163,52.149.204.241,20.185.12.52,52.147.213.53,52.149.205.138,52.149.206.143,52.147.212.206,52.149.207.119,52.150.51.84,52.150.52.144,52.150.52.195,52.150.52.212,52.150.53.80,52.150.53.189,52.150.53.244,52.150.54.60,52.149.200.127,52.154.65.85,52.154.65.229,20.42.35.174,52.142.19.237,52.147.215.226,52.154.66.148,20.49.104.54",
            "resource_group_name": "WebApp-RG",
            "site_config": [
              {
                "acr_use_managed_identity_credentials": false,
                "acr_user_managed_identity_client_id": "",
                "always_on": false,
                "app_command_line": "",
                "auto_swap_slot_name": "",
                "cors": [
                  {
                    "allowed_origins": [],
                    "support_credentials": false
                  }
                ],
                "default_documents": null,
                "dotnet_framework_version": "v4.0",
                "ftps_state": "AllAllowed",
                "health_check_path": "",
                "http2_enabled": false,
                "ip_restriction": [],
                "java_container": "",
                "java_container_version": "",
                "java_version": "",
                "linux_fx_version": "",
                "local_mysql_enabled": false,
                "managed_pipeline_mode": "Integrated",
                "min_tls_version": "1.2",
                "number_of_workers": 1,
                "php_version": "",
                "python_version": "",
                "remote_debugging_enabled": false,
                "remote_debugging_version": "VS2019",
                "scm_ip_restriction": [],
                "scm_type": "LocalGit",
                "scm_use_main_ip_restriction": false,
                "use_32_bit_worker_process": false,
                "vnet_route_all_enabled": false,
                "websockets_enabled": false,
                "windows_fx_version": ""
              }
            ],
            "site_credential": [
              {
                "password": "clbH6e7jSodw0lf45CAgwpQPyD6LSXlZeni9QsJ1rlPdPnNizi7RZgxhkaZB",
                "username": "$demoxwebapp001"
              }
            ],
            "source_control": [
              {
                "branch": "master",
                "manual_integration": false,
                "repo_url": "https://demoxwebapp001.scm.azurewebsites.net",
                "rollback_enabled": false,
                "use_mercurial": false
              }
            ],
            "storage_account": [],
            "tags": null,
            "timeouts": null
          },
          "sensitive_attributes": [],
          "private": "eyJlMmJmYjczMC1lY2FhLTExZTYtOGY4OC0zNDM2M2JjN2M0YzAiOnsiY3JlYXRlIjoxODAwMDAwMDAwMDAwLCJkZWxldGUiOjE4MDAwMDAwMDAwMDAsInJlYWQiOjMwMDAwMDAwMDAwMCwidXBkYXRlIjoxODAwMDAwMDAwMDAwfX0=",
          "dependencies": [
            "azurerm_app_service_plan.example",
            "azurerm_resource_group.example"
          ]
        }
      ]
    },
    {
      "mode": "managed",
      "type": "azurerm_app_service_plan",
      "name": "example",
      "provider": "provider[\"registry.terraform.io/hashicorp/azurerm\"]",
      "instances": [
        {
          "schema_version": 0,
          "attributes": {
            "app_service_environment_id": "",
            "id": "/subscriptions/c8552772-d0de-480e-9b09-555b5895f8c1/resourceGroups/WebApp-RG/providers/Microsoft.Web/serverfarms/demowebappplan001",
            "is_xenon": false,
            "kind": "Windows",
            "location": "eastus",
            "maximum_elastic_worker_count": 1,
            "maximum_number_of_workers": 10,
            "name": "demowebappplan001",
            "per_site_scaling": false,
            "reserved": false,
            "resource_group_name": "WebApp-RG",
            "sku": [
              {
                "capacity": 1,
                "size": "S1",
                "tier": "Standard"
              }
            ],
            "tags": null,
            "timeouts": null,
            "zone_redundant": false
          },
          "sensitive_attributes": [],
          "private": "eyJlMmJmYjczMC1lY2FhLTExZTYtOGY4OC0zNDM2M2JjN2M0YzAiOnsiY3JlYXRlIjozNjAwMDAwMDAwMDAwLCJkZWxldGUiOjM2MDAwMDAwMDAwMDAsInJlYWQiOjMwMDAwMDAwMDAwMCwidXBkYXRlIjozNjAwMDAwMDAwMDAwfX0=",
          "dependencies": [
            "azurerm_resource_group.example"
          ]
        }
      ]
    },
    {
      "mode": "managed",
      "type": "azurerm_resource_group",
      "name": "example",
      "provider": "provider[\"registry.terraform.io/hashicorp/azurerm\"]",
      "instances": [
        {
          "schema_version": 0,
          "attributes": {
            "id": "/subscriptions/c8552772-d0de-480e-9b09-555b5895f8c1/resourceGroups/WebApp-RG",
            "location": "eastus",
            "name": "WebApp-RG",
            "tags": null,
            "timeouts": null
          },
          "sensitive_attributes": [],
          "private": "eyJlMmJmYjczMC1lY2FhLTExZTYtOGY4OC0zNDM2M2JjN2M0YzAiOnsiY3JlYXRlIjo1NDAwMDAwMDAwMDAwLCJkZWxldGUiOjU0MDAwMDAwMDAwMDAsInJlYWQiOjMwMDAwMDAwMDAwMCwidXBkYXRlIjo1NDAwMDAwMDAwMDAwfX0="
        }
      ]
    }
  ]
}
